{
  "name": "kevinkassimo.github.io",
  "version": "1.0.0",
  "lockfileVersion": 1,
  "requires": true,
  "dependencies": {
    "octicons": {
      "version": "5.0.1",
      "resolved": "https://registry.npmjs.org/octicons/-/octicons-5.0.1.tgz",
      "integrity": "sha1-D6DE/TaA0lEmbwc3NlOTF8uEbk8="
    }
  }
}
